
Microsoft Visual Studio Solution File, Format Version 12.00
Project("{FAE04EC0-301F-11D3-BF4B-00C04F79EFBC}") = "Stopky", "Stopky\Stopky.csproj", "{CA820C15-7A5C-447C-9E1D-A08E0B397E73}"
EndProject
Global
	GlobalSection(SolutionConfigurationPlatforms) = preSolution
		Debug|Any CPU = Debug|Any CPU
		Release|Any CPU = Release|Any CPU
	EndGlobalSection
	GlobalSection(ProjectConfigurationPlatforms) = postSolution
		{CA820C15-7A5C-447C-9E1D-A08E0B397E73}.Debug|Any CPU.ActiveCfg = Debug|Any CPU
		{CA820C15-7A5C-447C-9E1D-A08E0B397E73}.Debug|Any CPU.Build.0 = Debug|Any CPU
		{CA820C15-7A5C-447C-9E1D-A08E0B397E73}.Release|Any CPU.ActiveCfg = Release|Any CPU
		{CA820C15-7A5C-447C-9E1D-A08E0B397E73}.Release|Any CPU.Build.0 = Release|Any CPU
	EndGlobalSection
EndGlobal
